#
# This file is autogenerated by pip-compile with Python 3.11
# by the following command:
#
#    pip-compile --no-index --output-file=requirements.lock requirements.txt
#
altair==6.2.2
    # via streamlit
annotated-doc==0.0.5
    # via typer
anyio==4.15.1
    # via
    #   httpx
    #   starlette
    #   streamlit
attrs==26.1.0
    # via
    #   jsonschema
    #   referencing
certifi==2026.7.22
    # via
    #   httpcore
    #   httpx
    #   requests
cffi==2.1.1
    # via cryptography
charset-normalizer==3.5.1
    # via requests
click==8.5.0
    # via
    #   huggingface-hub
    #   streamlit
    #   uvicorn
colorama==0.4.6
    # via
    #   tqdm
    #   typer
contourpy==1.3.3
    # via matplotlib
cryptography==50.0.1
    # via -r requirements.txt
cycler==0.12.1
    # via matplotlib
donfig==0.8.1.post1
    # via zarr
et-xmlfile==2.0.0
    # via openpyxl
filelock==3.32.5
    # via
    #   huggingface-hub
    #   torch
flatbuffers==25.12.19
    # via onnxruntime
fonttools==4.64.0
    # via matplotlib
fsspec==2026.7.0
    # via
    #   huggingface-hub
    #   torch
google-crc32c==1.8.0
    # via zarr
h11==0.16.0
    # via
    #   httpcore
    #   uvicorn
hf-xet==1.6.0
    # via huggingface-hub
httpcore==1.0.9
    # via httpx
httptools==0.8.0
    # via streamlit
httpx==0.28.1
    # via huggingface-hub
huggingface-hub==1.30.0
    # via
    #   tokenizers
    #   transformers
idna==3.19
    # via
    #   anyio
    #   httpx
    #   requests
imageio==2.37.4
    # via scikit-image
importlib-resources==7.1.0
    # via nibabel
itsdangerous==2.2.0
    # via streamlit
jinja2==3.1.6
    # via
    #   altair
    #   pydeck
    #   torch
jsonschema==4.26.0
    # via altair
jsonschema-specifications==2025.9.1
    # via jsonschema
kiwisolver==1.5.1
    # via matplotlib
lazy-loader==0.5
    # via scikit-image
markdown-it-py==4.2.0
    # via rich
markupsafe==3.0.3
    # via jinja2
matplotlib==3.11.1
    # via -r requirements.txt
mdurl==0.1.2
    # via markdown-it-py
monai==1.5.2
    # via -r requirements.txt
mpmath==1.3.0
    # via sympy
narwhals==2.25.0
    # via
    #   altair
    #   plotly
networkx==3.6.1
    # via
    #   scikit-image
    #   torch
nibabel==5.4.2
    # via -r requirements.txt
numcodecs==0.16.5
    # via zarr
numpy==2.4.6
    # via
    #   -r requirements.txt
    #   contourpy
    #   imageio
    #   matplotlib
    #   monai
    #   nibabel
    #   numcodecs
    #   onnxruntime
    #   pandas
    #   pydeck
    #   pylibjpeg
    #   pylibjpeg-libjpeg
    #   pylibjpeg-openjpeg
    #   pylibjpeg-rle
    #   scikit-image
    #   scipy
    #   streamlit
    #   tifffile
    #   torchvision
    #   transformers
    #   zarr
onnxruntime==1.29.0
    # via -r requirements.txt
openpyxl==3.1.5
    # via -r requirements.txt
packaging==26.3
    # via
    #   altair
    #   huggingface-hub
    #   lazy-loader
    #   matplotlib
    #   nibabel
    #   onnxruntime
    #   scikit-image
    #   streamlit
    #   transformers
    #   zarr
pandas==2.3.3
    # via
    #   -r requirements.txt
    #   streamlit
pillow==12.3.0
    # via
    #   -r requirements.txt
    #   imageio
    #   matplotlib
    #   scikit-image
    #   streamlit
    #   torchvision
plotly==7.0.0
    # via -r requirements.txt
protobuf==7.36.1
    # via
    #   onnxruntime
    #   streamlit
pyarrow==25.0.1
    # via streamlit
pycparser==3.0
    # via cffi
pydeck==0.9.3
    # via streamlit
pydicom==3.0.2
    # via -r requirements.txt
pygments==2.21.0
    # via rich
pylibjpeg==2.1.0
    # via -r requirements.txt
pylibjpeg-libjpeg==2.4.0
    # via -r requirements.txt
pylibjpeg-openjpeg==2.5.0
    # via -r requirements.txt
pylibjpeg-rle==2.2.0
    # via -r requirements.txt
pyparsing==3.3.2
    # via matplotlib
python-dateutil==2.9.0.post0
    # via
    #   matplotlib
    #   pandas
python-multipart==0.0.32
    # via streamlit
pytz==2026.3.post1
    # via pandas
pyyaml==6.0.3
    # via
    #   donfig
    #   huggingface-hub
    #   transformers
referencing==0.37.0
    # via
    #   jsonschema
    #   jsonschema-specifications
regex==2026.9.3
    # via transformers
requests==2.34.2
    # via
    #   -r requirements.txt
    #   streamlit
rich==15.0.0
    # via typer
rpds-py==2026.6.3
    # via
    #   jsonschema
    #   referencing
safetensors==0.8.0
    # via transformers
scikit-image==0.26.0
    # via -r requirements.txt
scipy==1.17.1
    # via
    #   -r requirements.txt
    #   scikit-image
shellingham==1.5.4
    # via typer
simpleitk==2.5.6
    # via -r requirements.txt
six==1.17.0
    # via python-dateutil
starlette==1.6.0
    # via streamlit
streamlit==1.63.0
    # via
    #   -r requirements.txt
    #   streamlit-image-coordinates
streamlit-image-coordinates==0.4.1
    # via -r requirements.txt
sympy==1.13.1
    # via torch
tifffile==2026.3.3
    # via scikit-image
tokenizers==0.23.2
    # via transformers
toml==0.10.2
    # via streamlit
torch==2.5.1
    # via
    #   -r requirements.txt
    #   monai
    #   torchvision
torchvision==0.20.1
    # via -r requirements.txt
tqdm==4.70.0
    # via
    #   huggingface-hub
    #   transformers
transformers==5.16.1
    # via -r requirements.txt
typer==0.27.2
    # via transformers
typing-extensions==4.16.0
    # via
    #   altair
    #   anyio
    #   huggingface-hub
    #   nibabel
    #   numcodecs
    #   referencing
    #   starlette
    #   streamlit
    #   torch
    #   zarr
tzdata==2026.3
    # via pandas
urllib3==2.7.0
    # via requests
uvicorn==0.52.4
    # via streamlit
watchdog==6.0.0
    # via streamlit
websockets==16.1.1
    # via streamlit
zarr==3.1.6
    # via -r requirements.txt
